// !$*UTF8*$!
{
	archiveVersion = 1;
	classes = {
	};
	objectVersion = 55;
	objects = {

/* Begin PBXBuildFile section */
		A14F8B452757B244008A2870 /* ExpenseDetails+CoreDataClass.swift in Sources */ = {isa = PBXBuildFile; fileRef = A14F8B432757B244008A2870 /* ExpenseDetails+CoreDataClass.swift */; };
		A14F8B462757B244008A2870 /* ExpenseDetails+CoreDataProperties.swift in Sources */ = {isa = PBXBuildFile; fileRef = A14F8B442757B244008A2870 /* ExpenseDetails+CoreDataProperties.swift */; };
		A14F8B492757B55D008A2870 /* Date+Format.swift in Sources */ = {isa = PBXBuildFile; fileRef = A14F8B482757B55D008A2870 /* Date+Format.swift */; };
		A1A051032756871F00965E94 /* ExpenseHistoryTableViewCell.swift in Sources */ = {isa = PBXBuildFile; fileRef = A1A051022756871F00965E94 /* ExpenseHistoryTableViewCell.swift */; };
		A1C160E727565E72004A2206 /* Font Awesome 5 Free-Solid-900.otf in Resources */ = {isa = PBXBuildFile; fileRef = A17793C62756591900D24A73 /* Font Awesome 5 Free-Solid-900.otf */; };
		A1C160E927566466004A2206 /* DataManager.swift in Sources */ = {isa = PBXBuildFile; fileRef = A1C160E827566466004A2206 /* DataManager.swift */; };
		A1C160EC27566D51004A2206 /* ExpenseTracker.xcdatamodeld in Sources */ = {isa = PBXBuildFile; fileRef = A1C160EA27566D51004A2206 /* ExpenseTracker.xcdatamodeld */; };
		A1FE3DE22754DCD100D3FBC8 /* AppDelegate.swift in Sources */ = {isa = PBXBuildFile; fileRef = A1FE3DE12754DCD100D3FBC8 /* AppDelegate.swift */; };
		A1FE3DE42754DCD100D3FBC8 /* SceneDelegate.swift in Sources */ = {isa = PBXBuildFile; fileRef = A1FE3DE32754DCD100D3FBC8 /* SceneDelegate.swift */; };
		A1FE3DE62754DCD100D3FBC8 /* MainViewController.swift in Sources */ = {isa = PBXBuildFile; fileRef = A1FE3DE52754DCD100D3FBC8 /* MainViewController.swift */; };
		A1FE3DE92754DCD100D3FBC8 /* Main.storyboard in Resources */ = {isa = PBXBuildFile; fileRef = A1FE3DE72754DCD100D3FBC8 /* Main.storyboard */; };
		A1FE3DEB2754DCD100D3FBC8 /* Assets.xcassets in Resources */ = {isa = PBXBuildFile; fileRef = A1FE3DEA2754DCD100D3FBC8 /* Assets.xcassets */; };
		A1FE3DEE2754DCD100D3FBC8 /* LaunchScreen.storyboard in Resources */ = {isa = PBXBuildFile; fileRef = A1FE3DEC2754DCD100D3FBC8 /* LaunchScreen.storyboard */; };
		A1FE3DF927551A4000D3FBC8 /* DashboardViewController.swift in Sources */ = {isa = PBXBuildFile; fileRef = A1FE3DF827551A4000D3FBC8 /* DashboardViewController.swift */; };
		A1FE3DFB27551A7A00D3FBC8 /* DashBoardModel.swift in Sources */ = {isa = PBXBuildFile; fileRef = A1FE3DFA27551A7A00D3FBC8 /* DashBoardModel.swift */; };
		A1FE3DFD27551A9700D3FBC8 /* HistoryViewController.swift in Sources */ = {isa = PBXBuildFile; fileRef = A1FE3DFC27551A9700D3FBC8 /* HistoryViewController.swift */; };
		A1FE3DFF27551AAD00D3FBC8 /* HistoryModel.swift in Sources */ = {isa = PBXBuildFile; fileRef = A1FE3DFE27551AAD00D3FBC8 /* HistoryModel.swift */; };
		A1FE3E0227551BE500D3FBC8 /* NewRecordViewController.swift in Sources */ = {isa = PBXBuildFile; fileRef = A1FE3E0127551BE500D3FBC8 /* NewRecordViewController.swift */; };
		A1FE3E0427551BF700D3FBC8 /* NewRecordModel.swift in Sources */ = {isa = PBXBuildFile; fileRef = A1FE3E0327551BF700D3FBC8 /* NewRecordModel.swift */; };
		A1FE3E0627551EF500D3FBC8 /* ExpenseCategoryCollectionViewCell.swift in Sources */ = {isa = PBXBuildFile; fileRef = A1FE3E0527551EF500D3FBC8 /* ExpenseCategoryCollectionViewCell.swift */; };
		ACC8BFD2A16EA69FEDB70908 /* Pods_Expense_Tracker.framework in Frameworks */ = {isa = PBXBuildFile; fileRef = 7D78B265C25D9BBAE4F726CF /* Pods_Expense_Tracker.framework */; };
/* End PBXBuildFile section */

/* Begin PBXFileReference section */
		62661200DDDA351194A74A89 /* Pods-Expense Tracker.debug.xcconfig */ = {isa = PBXFileReference; includeInIndex = 1; lastKnownFileType = text.xcconfig; name = "Pods-Expense Tracker.debug.xcconfig"; path = "Target Support Files/Pods-Expense Tracker/Pods-Expense Tracker.debug.xcconfig"; sourceTree = "<group>"; };
		7D78B265C25D9BBAE4F726CF /* Pods_Expense_Tracker.framework */ = {isa = PBXFileReference; explicitFileType = wrapper.framework; includeInIndex = 0; path = Pods_Expense_Tracker.framework; sourceTree = BUILT_PRODUCTS_DIR; };
		A14F8B432757B244008A2870 /* ExpenseDetails+CoreDataClass.swift */ = {isa = PBXFileReference; lastKnownFileType = sourcecode.swift; path = "ExpenseDetails+CoreDataClass.swift"; sourceTree = SOURCE_ROOT; };
		A14F8B442757B244008A2870 /* ExpenseDetails+CoreDataProperties.swift */ = {isa = PBXFileReference; lastKnownFileType = sourcecode.swift; path = "ExpenseDetails+CoreDataProperties.swift"; sourceTree = SOURCE_ROOT; };
		A14F8B482757B55D008A2870 /* Date+Format.swift */ = {isa = PBXFileReference; lastKnownFileType = sourcecode.swift; path = "Date+Format.swift"; sourceTree = "<group>"; };
		A17793C62756591900D24A73 /* Font Awesome 5 Free-Solid-900.otf */ = {isa = PBXFileReference; lastKnownFileType = file; path = "Font Awesome 5 Free-Solid-900.otf"; sourceTree = "<group>"; };
		A1A051022756871F00965E94 /* ExpenseHistoryTableViewCell.swift */ = {isa = PBXFileReference; lastKnownFileType = sourcecode.swift; path = ExpenseHistoryTableViewCell.swift; sourceTree = "<group>"; };
		A1C160E827566466004A2206 /* DataManager.swift */ = {isa = PBXFileReference; lastKnownFileType = sourcecode.swift; path = DataManager.swift; sourceTree = "<group>"; };
		A1C160EB27566D51004A2206 /* ExpenseTracker.xcdatamodel */ = {isa = PBXFileReference; lastKnownFileType = wrapper.xcdatamodel; path = ExpenseTracker.xcdatamodel; sourceTree = "<group>"; };
		A1FE3DDE2754DCD100D3FBC8 /* Expense Tracker.app */ = {isa = PBXFileReference; explicitFileType = wrapper.application; includeInIndex = 0; path = "Expense Tracker.app"; sourceTree = BUILT_PRODUCTS_DIR; };
		A1FE3DE12754DCD100D3FBC8 /* AppDelegate.swift */ = {isa = PBXFileReference; lastKnownFileType = sourcecode.swift; path = AppDelegate.swift; sourceTree = "<group>"; };
		A1FE3DE32754DCD100D3FBC8 /* SceneDelegate.swift */ = {isa = PBXFileReference; lastKnownFileType = sourcecode.swift; path = SceneDelegate.swift; sourceTree = "<group>"; };
		A1FE3DE52754DCD100D3FBC8 /* MainViewController.swift */ = {isa = PBXFileReference; lastKnownFileType = sourcecode.swift; path = MainViewController.swift; sourceTree = "<group>"; };
		A1FE3DE82754DCD100D3FBC8 /* Base */ = {isa = PBXFileReference; lastKnownFileType = file.storyboard; name = Base; path = Base.lproj/Main.storyboard; sourceTree = "<group>"; };
		A1FE3DEA2754DCD100D3FBC8 /* Assets.xcassets */ = {isa = PBXFileReference; lastKnownFileType = folder.assetcatalog; path = Assets.xcassets; sourceTree = "<group>"; };
		A1FE3DED2754DCD100D3FBC8 /* Base */ = {isa = PBXFileReference; lastKnownFileType = file.storyboard; name = Base; path = Base.lproj/LaunchScreen.storyboard; sourceTree = "<group>"; };
		A1FE3DEF2754DCD100D3FBC8 /* Info.plist */ = {isa = PBXFileReference; lastKnownFileType = text.plist.xml; path = Info.plist; sourceTree = "<group>"; };
		A1FE3DF827551A4000D3FBC8 /* DashboardViewController.swift */ = {isa = PBXFileReference; lastKnownFileType = sourcecode.swift; path = DashboardViewController.swift; sourceTree = "<group>"; };
		A1FE3DFA27551A7A00D3FBC8 /* DashBoardModel.swift */ = {isa = PBXFileReference; lastKnownFileType = sourcecode.swift; path = DashBoardModel.swift; sourceTree = "<group>"; };
		A1FE3DFC27551A9700D3FBC8 /* HistoryViewController.swift */ = {isa = PBXFileReference; lastKnownFileType = sourcecode.swift; path = HistoryViewController.swift; sourceTree = "<group>"; };
		A1FE3DFE27551AAD00D3FBC8 /* HistoryModel.swift */ = {isa = PBXFileReference; lastKnownFileType = sourcecode.swift; path = HistoryModel.swift; sourceTree = "<group>"; };
		A1FE3E0127551BE500D3FBC8 /* NewRecordViewController.swift */ = {isa = PBXFileReference; lastKnownFileType = sourcecode.swift; path = NewRecordViewController.swift; sourceTree = "<group>"; };
		A1FE3E0327551BF700D3FBC8 /* NewRecordModel.swift */ = {isa = PBXFileReference; lastKnownFileType = sourcecode.swift; path = NewRecordModel.swift; sourceTree = "<group>"; };
		A1FE3E0527551EF500D3FBC8 /* ExpenseCategoryCollectionViewCell.swift */ = {isa = PBXFileReference; lastKnownFileType = sourcecode.swift; path = ExpenseCategoryCollectionViewCell.swift; sourceTree = "<group>"; };
		C7ABA34235C80305F8028E11 /* Pods-Expense Tracker.release.xcconfig */ = {isa = PBXFileReference; includeInIndex = 1; lastKnownFileType = text.xcconfig; name = "Pods-Expense Tracker.release.xcconfig"; path = "Target Support Files/Pods-Expense Tracker/Pods-Expense Tracker.release.xcconfig"; sourceTree = "<group>"; };
/* End PBXFileReference section */

/* Begin PBXFrameworksBuildPhase section */
		A1FE3DDB2754DCD000D3FBC8 /* Frameworks */ = {
			isa = PBXFrameworksBuildPhase;
			buildActionMask = 2147483647;
			files = (
				ACC8BFD2A16EA69FEDB70908 /* Pods_Expense_Tracker.framework in Frameworks */,
			);
			runOnlyForDeploymentPostprocessing = 0;
		};
/* End PBXFrameworksBuildPhase section */

/* Begin PBXGroup section */
		55258AB75A4DCF38403746E9 /* Frameworks */ = {
			isa = PBXGroup;
			children = (
				7D78B265C25D9BBAE4F726CF /* Pods_Expense_Tracker.framework */,
			);
			name = Frameworks;
			sourceTree = "<group>";
		};
		A14F8B472757B53A008A2870 /* Utils */ = {
			isa = PBXGroup;
			children = (
				A14F8B482757B55D008A2870 /* Date+Format.swift */,
			);
			path = Utils;
			sourceTree = "<group>";
		};
		A17793C42756588000D24A73 /* Resouces */ = {
			isa = PBXGroup;
			children = (
				A17793C52756589000D24A73 /* Fonts */,
			);
			path = Resouces;
			sourceTree = "<group>";
		};
		A17793C52756589000D24A73 /* Fonts */ = {
			isa = PBXGroup;
			children = (
				A17793C62756591900D24A73 /* Font Awesome 5 Free-Solid-900.otf */,
			);
			path = Fonts;
			sourceTree = "<group>";
		};
		A1C1611027567026004A2206 /* Models */ = {
			isa = PBXGroup;
			children = (
				A14F8B432757B244008A2870 /* ExpenseDetails+CoreDataClass.swift */,
				A14F8B442757B244008A2870 /* ExpenseDetails+CoreDataProperties.swift */,
			);
			path = Models;
			sourceTree = "<group>";
		};
		A1FE3DD52754DCD000D3FBC8 = {
			isa = PBXGroup;
			children = (
				A1FE3DE02754DCD100D3FBC8 /* Expense Tracker */,
				A1FE3DDF2754DCD100D3FBC8 /* Products */,
				AC71EA26A167C7760B86DB5C /* Pods */,
				55258AB75A4DCF38403746E9 /* Frameworks */,
			);
			sourceTree = "<group>";
		};
		A1FE3DDF2754DCD100D3FBC8 /* Products */ = {
			isa = PBXGroup;
			children = (
				A1FE3DDE2754DCD100D3FBC8 /* Expense Tracker.app */,
			);
			name = Products;
			sourceTree = "<group>";
		};
		A1FE3DE02754DCD100D3FBC8 /* Expense Tracker */ = {
			isa = PBXGroup;
			children = (
				A14F8B472757B53A008A2870 /* Utils */,
				A1C1611027567026004A2206 /* Models */,
				A17793C42756588000D24A73 /* Resouces */,
				A1FE3DF52755137300D3FBC8 /* Views */,
				A1FE3DE12754DCD100D3FBC8 /* AppDelegate.swift */,
				A1FE3DE32754DCD100D3FBC8 /* SceneDelegate.swift */,
				A1FE3DE52754DCD100D3FBC8 /* MainViewController.swift */,
				A1C160E827566466004A2206 /* DataManager.swift */,
				A1C160EA27566D51004A2206 /* ExpenseTracker.xcdatamodeld */,
				A1FE3DE72754DCD100D3FBC8 /* Main.storyboard */,
				A1FE3DEA2754DCD100D3FBC8 /* Assets.xcassets */,
				A1FE3DEC2754DCD100D3FBC8 /* LaunchScreen.storyboard */,
				A1FE3DEF2754DCD100D3FBC8 /* Info.plist */,
			);
			path = "Expense Tracker";
			sourceTree = "<group>";
		};
		A1FE3DF52755137300D3FBC8 /* Views */ = {
			isa = PBXGroup;
			children = (
				A1FE3E0027551BB600D3FBC8 /* NewRecord */,
				A1FE3DF72755138500D3FBC8 /* History */,
				A1FE3DF62755137E00D3FBC8 /* DashBoard */,
			);
			path = Views;
			sourceTree = "<group>";
		};
		A1FE3DF62755137E00D3FBC8 /* DashBoard */ = {
			isa = PBXGroup;
			children = (
				A1FE3DF827551A4000D3FBC8 /* DashboardViewController.swift */,
				A1FE3DFA27551A7A00D3FBC8 /* DashBoardModel.swift */,
			);
			path = DashBoard;
			sourceTree = "<group>";
		};
		A1FE3DF72755138500D3FBC8 /* History */ = {
			isa = PBXGroup;
			children = (
				A1FE3DFC27551A9700D3FBC8 /* HistoryViewController.swift */,
				A1A051022756871F00965E94 /* ExpenseHistoryTableViewCell.swift */,
				A1FE3DFE27551AAD00D3FBC8 /* HistoryModel.swift */,
			);
			path = History;
			sourceTree = "<group>";
		};
		A1FE3E0027551BB600D3FBC8 /* NewRecord */ = {
			isa = PBXGroup;
			children = (
				A1FE3E0127551BE500D3FBC8 /* NewRecordViewController.swift */,
				A1FE3E0327551BF700D3FBC8 /* NewRecordModel.swift */,
				A1FE3E0527551EF500D3FBC8 /* ExpenseCategoryCollectionViewCell.swift */,
			);
			path = NewRecord;
			sourceTree = "<group>";
		};
		AC71EA26A167C7760B86DB5C /* Pods */ = {
			isa = PBXGroup;
			children = (
				62661200DDDA351194A74A89 /* Pods-Expense Tracker.debug.xcconfig */,
				C7ABA34235C80305F8028E11 /* Pods-Expense Tracker.release.xcconfig */,
			);
			path = Pods;
			sourceTree = "<group>";
		};
/* End PBXGroup section */

/* Begin PBXNativeTarget section */
		A1FE3DDD2754DCD000D3FBC8 /* Expense Tracker */ = {
			isa = PBXNativeTarget;
			buildConfigurationList = A1FE3DF22754DCD100D3FBC8 /* Build configuration list for PBXNativeTarget "Expense Tracker" */;
			buildPhases = (
				6AADED65DBCA6FF2DEDD32AA /* [CP] Check Pods Manifest.lock */,
				A1FE3DDA2754DCD000D3FBC8 /* Sources */,
				A1FE3DDB2754DCD000D3FBC8 /* Frameworks */,
				A1FE3DDC2754DCD000D3FBC8 /* Resources */,
				02F6E35D095BD44C84345CD9 /* [CP] Embed Pods Frameworks */,
			);
			buildRules = (
			);
			dependencies = (
			);
			name = "Expense Tracker";
			productName = "Expense Tracker";
			productReference = A1FE3DDE2754DCD100D3FBC8 /* Expense Tracker.app */;
			productType = "com.apple.product-type.application";
		};
/* End PBXNativeTarget section */

/* Begin PBXProject section */
		A1FE3DD62754DCD000D3FBC8 /* Project object */ = {
			isa = PBXProject;
			attributes = {
				BuildIndependentTargetsInParallel = 1;
				LastSwiftUpdateCheck = 1310;
				LastUpgradeCheck = 1310;
				TargetAttributes = {
					A1FE3DDD2754DCD000D3FBC8 = {
						CreatedOnToolsVersion = 13.1;
					};
				};
			};
			buildConfigurationList = A1FE3DD92754DCD000D3FBC8 /* Build configuration list for PBXProject "Expense Tracker" */;
			compatibilityVersion = "Xcode 13.0";
			developmentRegion = en;
			hasScannedForEncodings = 0;
			knownRegions = (
				en,
				Base,
			);
			mainGroup = A1FE3DD52754DCD000D3FBC8;
			productRefGroup = A1FE3DDF2754DCD100D3FBC8 /* Products */;
			projectDirPath = "";
			projectRoot = "";
			targets = (
				A1FE3DDD2754DCD000D3FBC8 /* Expense Tracker */,
			);
		};
/* End PBXProject section */

/* Begin PBXResourcesBuildPhase section */
		A1FE3DDC2754DCD000D3FBC8 /* Resources */ = {
			isa = PBXResourcesBuildPhase;
			buildActionMask = 2147483647;
			files = (
				A1FE3DEE2754DCD100D3FBC8 /* LaunchScreen.storyboard in Resources */,
				A1FE3DEB2754DCD100D3FBC8 /* Assets.xcassets in Resources */,
				A1FE3DE92754DCD100D3FBC8 /* Main.storyboard in Resources */,
				A1C160E727565E72004A2206 /* Font Awesome 5 Free-Solid-900.otf in Resources */,
			);
			runOnlyForDeploymentPostprocessing = 0;
		};
/* End PBXResourcesBuildPhase section */

/* Begin PBXShellScriptBuildPhase section */
		02F6E35D095BD44C84345CD9 /* [CP] Embed Pods Frameworks */ = {
			isa = PBXShellScriptBuildPhase;
			buildActionMask = 2147483647;
			files = (
			);
			inputFileListPaths = (
				"${PODS_ROOT}/Target Support Files/Pods-Expense Tracker/Pods-Expense Tracker-frameworks-${CONFIGURATION}-input-files.xcfilelist",
			);
			name = "[CP] Embed Pods Frameworks";
			outputFileListPaths = (
				"${PODS_ROOT}/Target Support Files/Pods-Expense Tracker/Pods-Expense Tracker-frameworks-${CONFIGURATION}-output-files.xcfilelist",
			);
			runOnlyForDeploymentPostprocessing = 0;
			shellPath = /bin/sh;
			shellScript = "\"${PODS_ROOT}/Target Support Files/Pods-Expense Tracker/Pods-Expense Tracker-frameworks.sh\"\n";
			showEnvVarsInLog = 0;
		};
		6AADED65DBCA6FF2DEDD32AA /* [CP] Check Pods Manifest.lock */ = {
			isa = PBXShellScriptBuildPhase;
			buildActionMask = 2147483647;
			files = (
			);
			inputFileListPaths = (
			);
			inputPaths = (
				"${PODS_PODFILE_DIR_PATH}/Podfile.lock",
				"${PODS_ROOT}/Manifest.lock",
			);
			name = "[CP] Check Pods Manifest.lock";
			outputFileListPaths = (
			);
			outputPaths = (
				"$(DERIVED_FILE_DIR)/Pods-Expense Tracker-checkManifestLockResult.txt",
			);
			runOnlyForDeploymentPostprocessing = 0;
			shellPath = /bin/sh;
			shellScript = "diff \"${PODS_PODFILE_DIR_PATH}/Podfile.lock\" \"${PODS_ROOT}/Manifest.lock\" > /dev/null\nif [ $? != 0 ] ; then\n    # print error to STDERR\n    echo \"error: The sandbox is not in sync with the Podfile.lock. Run 'pod install' or update your CocoaPods installation.\" >&2\n    exit 1\nfi\n# This output is used by Xcode 'outputs' to avoid re-running this script phase.\necho \"SUCCESS\" > \"${SCRIPT_OUTPUT_FILE_0}\"\n";
			showEnvVarsInLog = 0;
		};
/* End PBXShellScriptBuildPhase section */

/* Begin PBXSourcesBuildPhase section */
		A1FE3DDA2754DCD000D3FBC8 /* Sources */ = {
			isa = PBXSourcesBuildPhase;
			buildActionMask = 2147483647;
			files = (
				A1FE3E0227551BE500D3FBC8 /* NewRecordViewController.swift in Sources */,
				A14F8B452757B244008A2870 /* ExpenseDetails+CoreDataClass.swift in Sources */,
				A1FE3DE62754DCD100D3FBC8 /* MainViewController.swift in Sources */,
				A1FE3DE22754DCD100D3FBC8 /* AppDelegate.swift in Sources */,
				A1FE3DE42754DCD100D3FBC8 /* SceneDelegate.swift in Sources */,
				A1FE3E0427551BF700D3FBC8 /* NewRecordModel.swift in Sources */,
				A1FE3DFD27551A9700D3FBC8 /* HistoryViewController.swift in Sources */,
				A1FE3DF927551A4000D3FBC8 /* DashboardViewController.swift in Sources */,
				A1C160EC27566D51004A2206 /* ExpenseTracker.xcdatamodeld in Sources */,
				A1FE3E0627551EF500D3FBC8 /* ExpenseCategoryCollectionViewCell.swift in Sources */,
				A1C160E927566466004A2206 /* DataManager.swift in Sources */,
				A1A051032756871F00965E94 /* ExpenseHistoryTableViewCell.swift in Sources */,
				A1FE3DFF27551AAD00D3FBC8 /* HistoryModel.swift in Sources */,
				A14F8B462757B244008A2870 /* ExpenseDetails+CoreDataProperties.swift in Sources */,
				A14F8B492757B55D008A2870 /* Date+Format.swift in Sources */,
				A1FE3DFB27551A7A00D3FBC8 /* DashBoardModel.swift in Sources */,
			);
			runOnlyForDeploymentPostprocessing = 0;
		};
/* End PBXSourcesBuildPhase section */

/* Begin PBXVariantGroup section */
		A1FE3DE72754DCD100D3FBC8 /* Main.storyboard */ = {
			isa = PBXVariantGroup;
			children = (
				A1FE3DE82754DCD100D3FBC8 /* Base */,
			);
			name = Main.storyboard;
			sourceTree = "<group>";
		};
		A1FE3DEC2754DCD100D3FBC8 /* LaunchScreen.storyboard */ = {
			isa = PBXVariantGroup;
			children = (
				A1FE3DED2754DCD100D3FBC8 /* Base */,
			);
			name = LaunchScreen.storyboard;
			sourceTree = "<group>";
		};
/* End PBXVariantGroup section */

/* Begin XCBuildConfiguration section */
		A1FE3DF02754DCD100D3FBC8 /* Debug */ = {
			isa = XCBuildConfiguration;
			buildSettings = {
				ALWAYS_SEARCH_USER_PATHS = NO;
				CLANG_ANALYZER_NONNULL = YES;
				CLANG_ANALYZER_NUMBER_OBJECT_CONVERSION = YES_AGGRESSIVE;
				CLANG_CXX_LANGUAGE_STANDARD = "gnu++17";
				CLANG_CXX_LIBRARY = "libc++";
				CLANG_ENABLE_MODULES = YES;
				CLANG_ENABLE_OBJC_ARC = YES;
				CLANG_ENABLE_OBJC_WEAK = YES;
				CLANG_WARN_BLOCK_CAPTURE_AUTORELEASING = YES;
				CLANG_WARN_BOOL_CONVERSION = YES;
				CLANG_WARN_COMMA = YES;
				CLANG_WARN_CONSTANT_CONVERSION = YES;
				CLANG_WARN_DEPRECATED_OBJC_IMPLEMENTATIONS = YES;
				CLANG_WARN_DIRECT_OBJC_ISA_USAGE = YES_ERROR;
				CLANG_WARN_DOCUMENTATION_COMMENTS = YES;
				CLANG_WARN_EMPTY_BODY = YES;
				CLANG_WARN_ENUM_CONVERSION = YES;
				CLANG_WARN_INFINITE_RECURSION = YES;
				CLANG_WARN_INT_CONVERSION = YES;
				CLANG_WARN_NON_LITERAL_NULL_CONVERSION = YES;
				CLANG_WARN_OBJC_IMPLICIT_RETAIN_SELF = YES;
				CLANG_WARN_OBJC_LITERAL_CONVERSION = YES;
				CLANG_WARN_OBJC_ROOT_CLASS = YES_ERROR;
				CLANG_WARN_QUOTED_INCLUDE_IN_FRAMEWORK_HEADER = YES;
				CLANG_WARN_RANGE_LOOP_ANALYSIS = YES;
				CLANG_WARN_STRICT_PROTOTYPES = YES;
				CLANG_WARN_SUSPICIOUS_MOVE = YES;
				CLANG_WARN_UNGUARDED_AVAILABILITY = YES_AGGRESSIVE;
				CLANG_WARN_UNREACHABLE_CODE = YES;
				CLANG_WARN__DUPLICATE_METHOD_MATCH = YES;
				COPY_PHASE_STRIP = NO;
				DEBUG_INFORMATION_FORMAT = dwarf;
				ENABLE_STRICT_OBJC_MSGSEND = YES;
				ENABLE_TESTABILITY = YES;
				GCC_C_LANGUAGE_STANDARD = gnu11;
				GCC_DYNAMIC_NO_PIC = NO;
				GCC_NO_COMMON_BLOCKS = YES;
				GCC_OPTIMIZATION_LEVEL = 0;
				GCC_PREPROCESSOR_DEFINITIONS = (
					"DEBUG=1",
					"$(inherited)",
				);
				GCC_WARN_64_TO_32_BIT_CONVERSION = YES;
				GCC_WARN_ABOUT_RETURN_TYPE = YES_ERROR;
				GCC_WARN_UNDECLARED_SELECTOR = YES;
				GCC_WARN_UNINITIALIZED_AUTOS = YES_AGGRESSIVE;
				GCC_WARN_UNUSED_FUNCTION = YES;
				GCC_WARN_UNUSED_VARIABLE = YES;
				IPHONEOS_DEPLOYMENT_TARGET = 15.0;
				MTL_ENABLE_DEBUG_INFO = INCLUDE_SOURCE;
				MTL_FAST_MATH = YES;
				ONLY_ACTIVE_ARCH = YES;
				SDKROOT = iphoneos;
				SWIFT_ACTIVE_COMPILATION_CONDITIONS = DEBUG;
				SWIFT_OPTIMIZATION_LEVEL = "-Onone";
			};
			name = Debug;
		};
		A1FE3DF12754DCD100D3FBC8 /* Release */ = {
			isa = XCBuildConfiguration;
			buildSettings = {
				ALWAYS_SEARCH_USER_PATHS = NO;
				CLANG_ANALYZER_NONNULL = YES;
				CLANG_ANALYZER_NUMBER_OBJECT_CONVERSION = YES_AGGRESSIVE;
				CLANG_CXX_LANGUAGE_STANDARD = "gnu++17";
				CLANG_CXX_LIBRARY = "libc++";
				CLANG_ENABLE_MODULES = YES;
				CLANG_ENABLE_OBJC_ARC = YES;
				CLANG_ENABLE_OBJC_WEAK = YES;
				CLANG_WARN_BLOCK_CAPTURE_AUTORELEASING = YES;
				CLANG_WARN_BOOL_CONVERSION = YES;
				CLANG_WARN_COMMA = YES;
				CLANG_WARN_CONSTANT_CONVERSION = YES;
				CLANG_WARN_DEPRECATED_OBJC_IMPLEMENTATIONS = YES;
				CLANG_WARN_DIRECT_OBJC_ISA_USAGE = YES_ERROR;
				CLANG_WARN_DOCUMENTATION_COMMENTS = YES;
				CLANG_WARN_EMPTY_BODY = YES;
				CLANG_WARN_ENUM_CONVERSION = YES;
				CLANG_WARN_INFINITE_RECURSION = YES;
				CLANG_WARN_INT_CONVERSION = YES;
				CLANG_WARN_NON_LITERAL_NULL_CONVERSION = YES;
				CLANG_WARN_OBJC_IMPLICIT_RETAIN_SELF = YES;
				CLANG_WARN_OBJC_LITERAL_CONVERSION = YES;
				CLANG_WARN_OBJC_ROOT_CLASS = YES_ERROR;
				CLANG_WARN_QUOTED_INCLUDE_IN_FRAMEWORK_HEADER = YES;
				CLANG_WARN_RANGE_LOOP_ANALYSIS = YES;
				CLANG_WARN_STRICT_PROTOTYPES = YES;
				CLANG_WARN_SUSPICIOUS_MOVE = YES;
				CLANG_WARN_UNGUARDED_AVAILABILITY = YES_AGGRESSIVE;
				CLANG_WARN_UNREACHABLE_CODE = YES;
				CLANG_WARN__DUPLICATE_METHOD_MATCH = YES;
				COPY_PHASE_STRIP = NO;
				DEBUG_INFORMATION_FORMAT = "dwarf-with-dsym";
				ENABLE_NS_ASSERTIONS = NO;
				ENABLE_STRICT_OBJC_MSGSEND = YES;
				GCC_C_LANGUAGE_STANDARD = gnu11;
				GCC_NO_COMMON_BLOCKS = YES;
				GCC_WARN_64_TO_32_BIT_CONVERSION = YES;
				GCC_WARN_ABOUT_RETURN_TYPE = YES_ERROR;
				GCC_WARN_UNDECLARED_SELECTOR = YES;
				GCC_WARN_UNINITIALIZED_AUTOS = YES_AGGRESSIVE;
				GCC_WARN_UNUSED_FUNCTION = YES;
				GCC_WARN_UNUSED_VARIABLE = YES;
				IPHONEOS_DEPLOYMENT_TARGET = 15.0;
				MTL_ENABLE_DEBUG_INFO = NO;
				MTL_FAST_MATH = YES;
				SDKROOT = iphoneos;
				SWIFT_COMPILATION_MODE = wholemodule;
				SWIFT_OPTIMIZATION_LEVEL = "-O";
				VALIDATE_PRODUCT = YES;
			};
			name = Release;
		};
		A1FE3DF32754DCD100D3FBC8 /* Debug */ = {
			isa = XCBuildConfiguration;
			baseConfigurationReference = 62661200DDDA351194A74A89 /* Pods-Expense Tracker.debug.xcconfig */;
			buildSettings = {
				ASSETCATALOG_COMPILER_APPICON_NAME = AppIcon;
				ASSETCATALOG_COMPILER_GLOBAL_ACCENT_COLOR_NAME = AccentColor;
				CODE_SIGN_STYLE = Automatic;
				CURRENT_PROJECT_VERSION = 1;
				GENERATE_INFOPLIST_FILE = YES;
				INFOPLIST_FILE = "Expense Tracker/Info.plist";
				INFOPLIST_KEY_UIApplicationSupportsIndirectInputEvents = YES;
				INFOPLIST_KEY_UILaunchStoryboardName = LaunchScreen;
				INFOPLIST_KEY_UIMainStoryboardFile = Main;
				INFOPLIST_KEY_UISupportedInterfaceOrientations_iPad = "UIInterfaceOrientationPortrait UIInterfaceOrientationPortraitUpsideDown UIInterfaceOrientationLandscapeLeft UIInterfaceOrientationLandscapeRight";
				INFOPLIST_KEY_UISupportedInterfaceOrientations_iPhone = "UIInterfaceOrientationPortrait UIInterfaceOrientationLandscapeLeft UIInterfaceOrientationLandscapeRight";
				LD_RUNPATH_SEARCH_PATHS = (
					"$(inherited)",
					"@executable_path/Frameworks",
				);
				MARKETING_VERSION = 1.0;
				PRODUCT_BUNDLE_IDENTIFIER = "com.expensetracker.Expense-Tracker";
				PRODUCT_NAME = "$(TARGET_NAME)";
				SWIFT_EMIT_LOC_STRINGS = YES;
				SWIFT_VERSION = 5.0;
				TARGETED_DEVICE_FAMILY = "1,2";
			};
			name = Debug;
		};
		A1FE3DF42754DCD100D3FBC8 /* Release */ = {
			isa = XCBuildConfiguration;
			baseConfigurationReference = C7ABA34235C80305F8028E11 /* Pods-Expense Tracker.release.xcconfig */;
			buildSettings = {
				ASSETCATALOG_COMPILER_APPICON_NAME = AppIcon;
				ASSETCATALOG_COMPILER_GLOBAL_ACCENT_COLOR_NAME = AccentColor;
				CODE_SIGN_STYLE = Automatic;
				CURRENT_PROJECT_VERSION = 1;
				GENERATE_INFOPLIST_FILE = YES;
				INFOPLIST_FILE = "Expense Tracker/Info.plist";
				INFOPLIST_KEY_UIApplicationSupportsIndirectInputEvents = YES;
				INFOPLIST_KEY_UILaunchStoryboardName = LaunchScreen;
				INFOPLIST_KEY_UIMainStoryboardFile = Main;
				INFOPLIST_KEY_UISupportedInterfaceOrientations_iPad = "UIInterfaceOrientationPortrait UIInterfaceOrientationPortraitUpsideDown UIInterfaceOrientationLandscapeLeft UIInterfaceOrientationLandscapeRight";
				INFOPLIST_KEY_UISupportedInterfaceOrientations_iPhone = "UIInterfaceOrientationPortrait UIInterfaceOrientationLandscapeLeft UIInterfaceOrientationLandscapeRight";
				LD_RUNPATH_SEARCH_PATHS = (
					"$(inherited)",
					"@executable_path/Frameworks",
				);
				MARKETING_VERSION = 1.0;
				PRODUCT_BUNDLE_IDENTIFIER = "com.expensetracker.Expense-Tracker";
				PRODUCT_NAME = "$(TARGET_NAME)";
				SWIFT_EMIT_LOC_STRINGS = YES;
				SWIFT_VERSION = 5.0;
				TARGETED_DEVICE_FAMILY = "1,2";
			};
			name = Release;
		};
/* End XCBuildConfiguration section */

/* Begin XCConfigurationList section */
		A1FE3DD92754DCD000D3FBC8 /* Build configuration list for PBXProject "Expense Tracker" */ = {
			isa = XCConfigurationList;
			buildConfigurations = (
				A1FE3DF02754DCD100D3FBC8 /* Debug */,
				A1FE3DF12754DCD100D3FBC8 /* Release */,
			);
			defaultConfigurationIsVisible = 0;
			defaultConfigurationName = Release;
		};
		A1FE3DF22754DCD100D3FBC8 /* Build configuration list for PBXNativeTarget "Expense Tracker" */ = {
			isa = XCConfigurationList;
			buildConfigurations = (
				A1FE3DF32754DCD100D3FBC8 /* Debug */,
				A1FE3DF42754DCD100D3FBC8 /* Release */,
			);
			defaultConfigurationIsVisible = 0;
			defaultConfigurationName = Release;
		};
/* End XCConfigurationList section */

/* Begin XCVersionGroup section */
		A1C160EA27566D51004A2206 /* ExpenseTracker.xcdatamodeld */ = {
			isa = XCVersionGroup;
			children = (
				A1C160EB27566D51004A2206 /* ExpenseTracker.xcdatamodel */,
			);
			currentVersion = A1C160EB27566D51004A2206 /* ExpenseTracker.xcdatamodel */;
			path = ExpenseTracker.xcdatamodeld;
			sourceTree = "<group>";
			versionGroupType = wrapper.xcdatamodel;
		};
/* End XCVersionGroup section */
	};
	rootObject = A1FE3DD62754DCD000D3FBC8 /* Project object */;
}
